
Microsoft Visual Studio Solution File, Format Version 12.00
# Visual Studio Version 17
VisualStudioVersion = 17.9.34728.123
MinimumVisualStudioVersion = 10.0.40219.1
Project("{9A19103F-16F7-4668-BE54-9A1E7A4F7556}") = "ProjetoA1", "ProjetoA1.csproj", "{B8CB4085-B204-4C38-9401-5F56D57D61F6}"
EndProject
Global
	GlobalSection(SolutionConfigurationPlatforms) = preSolution
		Debug|Any CPU = Debug|Any CPU
		Release|Any CPU = Release|Any CPU
	EndGlobalSection
	GlobalSection(ProjectConfigurationPlatforms) = postSolution
		{B8CB4085-B204-4C38-9401-5F56D57D61F6}.Debug|Any CPU.ActiveCfg = Debug|Any CPU
		{B8CB4085-B204-4C38-9401-5F56D57D61F6}.Debug|Any CPU.Build.0 = Debug|Any CPU
		{B8CB4085-B204-4C38-9401-5F56D57D61F6}.Release|Any CPU.ActiveCfg = Release|Any CPU
		{B8CB4085-B204-4C38-9401-5F56D57D61F6}.Release|Any CPU.Build.0 = Release|Any CPU
	EndGlobalSection
	GlobalSection(SolutionProperties) = preSolution
		HideSolutionNode = FALSE
	EndGlobalSection
	GlobalSection(ExtensibilityGlobals) = postSolution
		SolutionGuid = {B48FDA14-3595-44FB-801B-5A7F284D8B7D}
	EndGlobalSection
EndGlobal
